
Microsoft Visual Studio Solution File, Format Version 12.00
# Visual Studio Version 17
VisualStudioVersion = 17.0.31919.166
MinimumVisualStudioVersion = 10.0.40219.1
Project("{9A19103F-16F7-4668-BE54-9A1E7A4F7556}") = "TSA Client", "TSA Client.csproj", "{2F4274F9-9C41-4BA3-BDE7-1F87611505D8}"
EndProject
Project("{9A19103F-16F7-4668-BE54-9A1E7A4F7556}") = "TSA Client Library", "..\TSA Client Library\TSA Client Library.csproj", "{9633078D-B371-4115-BB61-BA471C827155}"
EndProject
Project("{FAE04EC0-301F-11D3-BF4B-00C04F79EFBC}") = "TSA Client Tests", "..\TSA Client Tests\TSA Client Tests.csproj", "{FA52B12F-FFCC-4CFD-8BEF-FB849A7EFD8F}"
EndProject
Global
	GlobalSection(SolutionConfigurationPlatforms) = preSolution
		Debug|Any CPU = Debug|Any CPU
		Release|Any CPU = Release|Any CPU
	EndGlobalSection
	GlobalSection(ProjectConfigurationPlatforms) = postSolution
		{2F4274F9-9C41-4BA3-BDE7-1F87611505D8}.Debug|Any CPU.ActiveCfg = Debug|Any CPU
		{2F4274F9-9C41-4BA3-BDE7-1F87611505D8}.Debug|Any CPU.Build.0 = Debug|Any CPU
		{2F4274F9-9C41-4BA3-BDE7-1F87611505D8}.Release|Any CPU.ActiveCfg = Release|Any CPU
		{2F4274F9-9C41-4BA3-BDE7-1F87611505D8}.Release|Any CPU.Build.0 = Release|Any CPU
		{9633078D-B371-4115-BB61-BA471C827155}.Debug|Any CPU.ActiveCfg = Debug|Any CPU
		{9633078D-B371-4115-BB61-BA471C827155}.Debug|Any CPU.Build.0 = Debug|Any CPU
		{9633078D-B371-4115-BB61-BA471C827155}.Release|Any CPU.ActiveCfg = Release|Any CPU
		{9633078D-B371-4115-BB61-BA471C827155}.Release|Any CPU.Build.0 = Release|Any CPU
		{FA52B12F-FFCC-4CFD-8BEF-FB849A7EFD8F}.Debug|Any CPU.ActiveCfg = Debug|Any CPU
		{FA52B12F-FFCC-4CFD-8BEF-FB849A7EFD8F}.Debug|Any CPU.Build.0 = Debug|Any CPU
		{FA52B12F-FFCC-4CFD-8BEF-FB849A7EFD8F}.Release|Any CPU.ActiveCfg = Release|Any CPU
		{FA52B12F-FFCC-4CFD-8BEF-FB849A7EFD8F}.Release|Any CPU.Build.0 = Release|Any CPU
	EndGlobalSection
	GlobalSection(SolutionProperties) = preSolution
		HideSolutionNode = FALSE
	EndGlobalSection
	GlobalSection(ExtensibilityGlobals) = postSolution
		SolutionGuid = {911CFFA8-EC2C-42C9-A60D-ADCBC3CCCDCE}
	EndGlobalSection
EndGlobal
